
Microsoft Visual Studio Solution File, Format Version 12.00
# Visual Studio Version 17
VisualStudioVersion = 17.5.33502.453
MinimumVisualStudioVersion = 10.0.40219.1
Project("{FAE04EC0-301F-11D3-BF4B-00C04F79EFBC}") = "Text_Translete_to_byte", "Text_Translete_to_byte\Text_Translete_to_byte.csproj", "{1E4F10A3-902C-41B5-B9BD-42D110BAF5C5}"
EndProject
Global
	GlobalSection(SolutionConfigurationPlatforms) = preSolution
		Debug|Any CPU = Debug|Any CPU
		Release|Any CPU = Release|Any CPU
	EndGlobalSection
	GlobalSection(ProjectConfigurationPlatforms) = postSolution
		{1E4F10A3-902C-41B5-B9BD-42D110BAF5C5}.Debug|Any CPU.ActiveCfg = Debug|Any CPU
		{1E4F10A3-902C-41B5-B9BD-42D110BAF5C5}.Debug|Any CPU.Build.0 = Debug|Any CPU
		{1E4F10A3-902C-41B5-B9BD-42D110BAF5C5}.Release|Any CPU.ActiveCfg = Release|Any CPU
		{1E4F10A3-902C-41B5-B9BD-42D110BAF5C5}.Release|Any CPU.Build.0 = Release|Any CPU
	EndGlobalSection
	GlobalSection(SolutionProperties) = preSolution
		HideSolutionNode = FALSE
	EndGlobalSection
	GlobalSection(ExtensibilityGlobals) = postSolution
		SolutionGuid = {1B4BF148-5209-4A83-B89A-8D7DC5DA900E}
	EndGlobalSection
EndGlobal
